
# THIS IS AN AUTOGENERATED FILE. DO NOT EDIT THIS FILE DIRECTLY.
# yarn lockfile v1


"@ampproject/remapping@^2.0.0":
  version "2.1.1"
  resolved "https://registry.npmjs.org/@ampproject/remapping/-/remapping-2.1.1.tgz"
  integrity sha512-Aolwjd7HSC2PyY0fDj/wA/EimQT4HfEnFYNp5s9CQlrdhyvWTtvZ5YzrUPu6R6/1jKiUlxu8bUhkdSnKHNAHMA==
  dependencies:
    "@jridgewell/trace-mapping" "^0.3.0"

"@ampproject/remapping@^2.1.0":
  version "2.1.2"
  resolved "https://registry.yarnpkg.com/@ampproject/remapping/-/remapping-2.1.2.tgz#4edca94973ded9630d20101cd8559cedb8d8bd34"
  integrity sha512-hoyByceqwKirw7w3Z7gnIIZC3Wx3J484Y3L/cMpXFbr7d9ZQj2mODrirNzcJa+SM3UlpWXYvKV4RlRpFXlWgXg==
  dependencies:
    "@jridgewell/trace-mapping" "^0.3.0"

"@babel/cli@^7.16.0":
  version "7.17.0"
  resolved "https://registry.npmjs.org/@babel/cli/-/cli-7.17.0.tgz"
  integrity sha512-es10YH/ejXbg551vtnmEzIPe3MQRNOS644o3pf8vUr1tIeNzVNlP8BBvs1Eh7roh5A+k2fEHUas+ZptOWHA1fQ==
  dependencies:
    commander "^4.0.1"
    convert-source-map "^1.1.0"
    fs-readdir-recursive "^1.1.0"
    glob "^7.0.0"
    make-dir "^2.1.0"
    slash "^2.0.0"
    source-map "^0.5.0"
  optionalDependencies:
    "@nicolo-ribaudo/chokidar-2" "2.1.8-no-fsevents.3"
    chokidar "^3.4.0"

"@babel/code-frame@^7.0.0", "@babel/code-frame@^7.12.13", "@babel/code-frame@^7.16.7":
  version "7.16.7"
  resolved "https://registry.npmjs.org/@babel/code-frame/-/code-frame-7.16.7.tgz"
  integrity sha512-iAXqUn8IIeBTNd72xsFlgaXHkMBMt6y4HJp1tIaK465CWLT/fG1aqB7ykr95gHHmlBdGbFeWWfyB4NJJ0nmeIg==
  dependencies:
    "@babel/highlight" "^7.16.7"

"@babel/compat-data@^7.13.11", "@babel/compat-data@^7.16.4", "@babel/compat-data@^7.16.8":
  version "7.17.0"
  resolved "https://registry.npmjs.org/@babel/compat-data/-/compat-data-7.17.0.tgz"
  integrity sha512-392byTlpGWXMv4FbyWw3sAZ/FrW/DrwqLGXpy0mbyNe9Taqv1mg9yON5/o0cnr8XYCkFTZbC1eV+c+LAROgrng==
